
Microsoft Visual Studio Solution File, Format Version 12.00
# Visual Studio Version 17
VisualStudioVersion = 17.5.33530.505
MinimumVisualStudioVersion = 10.0.40219.1
Project("{9A19103F-16F7-4668-BE54-9A1E7A4F7556}") = "MakeupShop", "MakeupShop\MakeupShop.csproj", "{80FEDA30-0C8C-4723-875D-8BC82BCA67C7}"
EndProject
Global
	GlobalSection(SolutionConfigurationPlatforms) = preSolution
		Debug|Any CPU = Debug|Any CPU
		Release|Any CPU = Release|Any CPU
	EndGlobalSection
	GlobalSection(ProjectConfigurationPlatforms) = postSolution
		{80FEDA30-0C8C-4723-875D-8BC82BCA67C7}.Debug|Any CPU.ActiveCfg = Debug|Any CPU
		{80FEDA30-0C8C-4723-875D-8BC82BCA67C7}.Debug|Any CPU.Build.0 = Debug|Any CPU
		{80FEDA30-0C8C-4723-875D-8BC82BCA67C7}.Release|Any CPU.ActiveCfg = Release|Any CPU
		{80FEDA30-0C8C-4723-875D-8BC82BCA67C7}.Release|Any CPU.Build.0 = Release|Any CPU
	EndGlobalSection
	GlobalSection(SolutionProperties) = preSolution
		HideSolutionNode = FALSE
	EndGlobalSection
	GlobalSection(ExtensibilityGlobals) = postSolution
		SolutionGuid = {C9611676-2595-4CEF-85BC-CBDD7D3D7D34}
	EndGlobalSection
EndGlobal
